
Microsoft Visual Studio Solution File, Format Version 12.00
# Visual Studio Version 17
VisualStudioVersion = 17.4.33213.308
MinimumVisualStudioVersion = 10.0.40219.1
Project("{2150E333-8FDC-42A3-9474-1A3956D46DE8}") = "Source", "Source", "{A0477C9A-5F9E-45DD-99F7-3C416272D273}"
EndProject
Project("{2150E333-8FDC-42A3-9474-1A3956D46DE8}") = "Test", "Test", "{B550CE34-692B-440D-97E1-C1AB948C798B}"
EndProject
Project("{9A19103F-16F7-4668-BE54-9A1E7A4F7556}") = "Mc2.CrudTest.Domain", "Mc2.CrudTest.Domain\Mc2.CrudTest.Domain.csproj", "{D4D70799-9A05-4C7B-AB04-6FA761A967F6}"
EndProject
Project("{2150E333-8FDC-42A3-9474-1A3956D46DE8}") = "Shared", "Shared", "{B4641E46-0071-4882-A64D-3074459EDB08}"
EndProject
Project("{9A19103F-16F7-4668-BE54-9A1E7A4F7556}") = "Mc2.CrudTest.Shared.Abstraction", "Mc2.CrudTest.Shared.Abstraction\Mc2.CrudTest.Shared.Abstraction.csproj", "{7FDDF8BA-7029-4C27-A01E-89C27A86CFDE}"
EndProject
Project("{9A19103F-16F7-4668-BE54-9A1E7A4F7556}") = "Mc2.CrudTest.Application", "Mc2.CrudTest.Application\Mc2.CrudTest.Application.csproj", "{875CA0EC-DE53-4CF8-8977-D5C1823EF559}"
EndProject
Project("{9A19103F-16F7-4668-BE54-9A1E7A4F7556}") = "Mc2.CrudTest.API", "Mc2.CrudTest.API\Mc2.CrudTest.API.csproj", "{6628A0A5-BE17-45A2-BCA9-38A31B065EBA}"
EndProject
Project("{9A19103F-16F7-4668-BE54-9A1E7A4F7556}") = "Mc2.CrudTest.Shared", "Mc2.CrudTest.Shared\Mc2.CrudTest.Shared.csproj", "{3D915BEC-8DDD-44B4-8CDF-4990D04EBE17}"
EndProject
Project("{9A19103F-16F7-4668-BE54-9A1E7A4F7556}") = "Mc2.CrudTest.Infrastructure", "Mc2.CrudTest.Infrastructure\Mc2.CrudTest.Infrastructure.csproj", "{6D9DB44C-DA0F-4245-89E8-8D21043BBDB3}"
EndProject
Project("{FAE04EC0-301F-11D3-BF4B-00C04F79EFBC}") = "Mc2.CrudTest.Tests", "Mc2.CrudTest.Tests\Mc2.CrudTest.Tests.csproj", "{BFEAC574-7039-4940-A285-4BA5B9A6B434}"
EndProject
Global
	GlobalSection(SolutionConfigurationPlatforms) = preSolution
		Debug|Any CPU = Debug|Any CPU
		Release|Any CPU = Release|Any CPU
	EndGlobalSection
	GlobalSection(ProjectConfigurationPlatforms) = postSolution
		{D4D70799-9A05-4C7B-AB04-6FA761A967F6}.Debug|Any CPU.ActiveCfg = Debug|Any CPU
		{D4D70799-9A05-4C7B-AB04-6FA761A967F6}.Debug|Any CPU.Build.0 = Debug|Any CPU
		{D4D70799-9A05-4C7B-AB04-6FA761A967F6}.Release|Any CPU.ActiveCfg = Release|Any CPU
		{D4D70799-9A05-4C7B-AB04-6FA761A967F6}.Release|Any CPU.Build.0 = Release|Any CPU
		{7FDDF8BA-7029-4C27-A01E-89C27A86CFDE}.Debug|Any CPU.ActiveCfg = Debug|Any CPU
		{7FDDF8BA-7029-4C27-A01E-89C27A86CFDE}.Debug|Any CPU.Build.0 = Debug|Any CPU
		{7FDDF8BA-7029-4C27-A01E-89C27A86CFDE}.Release|Any CPU.ActiveCfg = Release|Any CPU
		{7FDDF8BA-7029-4C27-A01E-89C27A86CFDE}.Release|Any CPU.Build.0 = Release|Any CPU
		{875CA0EC-DE53-4CF8-8977-D5C1823EF559}.Debug|Any CPU.ActiveCfg = Debug|Any CPU
		{875CA0EC-DE53-4CF8-8977-D5C1823EF559}.Debug|Any CPU.Build.0 = Debug|Any CPU
		{875CA0EC-DE53-4CF8-8977-D5C1823EF559}.Release|Any CPU.ActiveCfg = Release|Any CPU
		{875CA0EC-DE53-4CF8-8977-D5C1823EF559}.Release|Any CPU.Build.0 = Release|Any CPU
		{6628A0A5-BE17-45A2-BCA9-38A31B065EBA}.Debug|Any CPU.ActiveCfg = Debug|Any CPU
		{6628A0A5-BE17-45A2-BCA9-38A31B065EBA}.Debug|Any CPU.Build.0 = Debug|Any CPU
		{6628A0A5-BE17-45A2-BCA9-38A31B065EBA}.Release|Any CPU.ActiveCfg = Release|Any CPU
		{6628A0A5-BE17-45A2-BCA9-38A31B065EBA}.Release|Any CPU.Build.0 = Release|Any CPU
		{3D915BEC-8DDD-44B4-8CDF-4990D04EBE17}.Debug|Any CPU.ActiveCfg = Debug|Any CPU
		{3D915BEC-8DDD-44B4-8CDF-4990D04EBE17}.Debug|Any CPU.Build.0 = Debug|Any CPU
		{3D915BEC-8DDD-44B4-8CDF-4990D04EBE17}.Release|Any CPU.ActiveCfg = Release|Any CPU
		{3D915BEC-8DDD-44B4-8CDF-4990D04EBE17}.Release|Any CPU.Build.0 = Release|Any CPU
		{6D9DB44C-DA0F-4245-89E8-8D21043BBDB3}.Debug|Any CPU.ActiveCfg = Debug|Any CPU
		{6D9DB44C-DA0F-4245-89E8-8D21043BBDB3}.Debug|Any CPU.Build.0 = Debug|Any CPU
		{6D9DB44C-DA0F-4245-89E8-8D21043BBDB3}.Release|Any CPU.ActiveCfg = Release|Any CPU
		{6D9DB44C-DA0F-4245-89E8-8D21043BBDB3}.Release|Any CPU.Build.0 = Release|Any CPU
		{BFEAC574-7039-4940-A285-4BA5B9A6B434}.Debug|Any CPU.ActiveCfg = Debug|Any CPU
		{BFEAC574-7039-4940-A285-4BA5B9A6B434}.Debug|Any CPU.Build.0 = Debug|Any CPU
		{BFEAC574-7039-4940-A285-4BA5B9A6B434}.Release|Any CPU.ActiveCfg = Release|Any CPU
		{BFEAC574-7039-4940-A285-4BA5B9A6B434}.Release|Any CPU.Build.0 = Release|Any CPU
	EndGlobalSection
	GlobalSection(SolutionProperties) = preSolution
		HideSolutionNode = FALSE
	EndGlobalSection
	GlobalSection(NestedProjects) = preSolution
		{D4D70799-9A05-4C7B-AB04-6FA761A967F6} = {A0477C9A-5F9E-45DD-99F7-3C416272D273}
		{7FDDF8BA-7029-4C27-A01E-89C27A86CFDE} = {B4641E46-0071-4882-A64D-3074459EDB08}
		{875CA0EC-DE53-4CF8-8977-D5C1823EF559} = {A0477C9A-5F9E-45DD-99F7-3C416272D273}
		{6628A0A5-BE17-45A2-BCA9-38A31B065EBA} = {A0477C9A-5F9E-45DD-99F7-3C416272D273}
		{3D915BEC-8DDD-44B4-8CDF-4990D04EBE17} = {B4641E46-0071-4882-A64D-3074459EDB08}
		{6D9DB44C-DA0F-4245-89E8-8D21043BBDB3} = {A0477C9A-5F9E-45DD-99F7-3C416272D273}
		{BFEAC574-7039-4940-A285-4BA5B9A6B434} = {B550CE34-692B-440D-97E1-C1AB948C798B}
	EndGlobalSection
	GlobalSection(ExtensibilityGlobals) = postSolution
		SolutionGuid = {4B5A26C9-68C1-49D9-9F32-AF907A1730C2}
	EndGlobalSection
EndGlobal
